
Microsoft Visual Studio Solution File, Format Version 12.00
# Visual Studio Version 17
VisualStudioVersion = 17.3.32825.248
MinimumVisualStudioVersion = 10.0.40219.1
Project("{FAE04EC0-301F-11D3-BF4B-00C04F79EFBC}") = "Assignment_2_n01531431", "Assignment_2_n01531431\Assignment_2_n01531431.csproj", "{211FDE45-8FDF-4EA6-80C9-D90DAA81B5A2}"
EndProject
Global
	GlobalSection(SolutionConfigurationPlatforms) = preSolution
		Debug|Any CPU = Debug|Any CPU
		Release|Any CPU = Release|Any CPU
	EndGlobalSection
	GlobalSection(ProjectConfigurationPlatforms) = postSolution
		{211FDE45-8FDF-4EA6-80C9-D90DAA81B5A2}.Debug|Any CPU.ActiveCfg = Debug|Any CPU
		{211FDE45-8FDF-4EA6-80C9-D90DAA81B5A2}.Debug|Any CPU.Build.0 = Debug|Any CPU
		{211FDE45-8FDF-4EA6-80C9-D90DAA81B5A2}.Release|Any CPU.ActiveCfg = Release|Any CPU
		{211FDE45-8FDF-4EA6-80C9-D90DAA81B5A2}.Release|Any CPU.Build.0 = Release|Any CPU
	EndGlobalSection
	GlobalSection(SolutionProperties) = preSolution
		HideSolutionNode = FALSE
	EndGlobalSection
	GlobalSection(ExtensibilityGlobals) = postSolution
		SolutionGuid = {38FD06F8-862D-41D0-A8C0-BCEC3DEEC68B}
	EndGlobalSection
EndGlobal
